
Microsoft Visual Studio Solution File, Format Version 12.00
# Visual Studio Version 16
VisualStudioVersion = 16.0.31129.286
MinimumVisualStudioVersion = 10.0.40219.1
Project("{FAE04EC0-301F-11D3-BF4B-00C04F79EFBC}") = "Proiect hotel management", "Proiect hotel management\Proiect hotel management.csproj", "{4E1349CA-4FC5-4C5F-B0DC-E09B404F9172}"
EndProject
Global
	GlobalSection(SolutionConfigurationPlatforms) = preSolution
		Debug|Any CPU = Debug|Any CPU
		Release|Any CPU = Release|Any CPU
	EndGlobalSection
	GlobalSection(ProjectConfigurationPlatforms) = postSolution
		{4E1349CA-4FC5-4C5F-B0DC-E09B404F9172}.Debug|Any CPU.ActiveCfg = Debug|Any CPU
		{4E1349CA-4FC5-4C5F-B0DC-E09B404F9172}.Debug|Any CPU.Build.0 = Debug|Any CPU
		{4E1349CA-4FC5-4C5F-B0DC-E09B404F9172}.Release|Any CPU.ActiveCfg = Release|Any CPU
		{4E1349CA-4FC5-4C5F-B0DC-E09B404F9172}.Release|Any CPU.Build.0 = Release|Any CPU
	EndGlobalSection
	GlobalSection(SolutionProperties) = preSolution
		HideSolutionNode = FALSE
	EndGlobalSection
	GlobalSection(ExtensibilityGlobals) = postSolution
		SolutionGuid = {B19AEC55-38B0-41D6-B43A-10BB81C1B495}
	EndGlobalSection
EndGlobal
